// !$*UTF8*$!
{
	archiveVersion = 1;
	classes = {
	};
	objectVersion = 50;
	objects = {

/* Begin PBXBuildFile section */
		12BA62FC23E9FC180036D2B5 /* AppDelegate.swift in Sources */ = {isa = PBXBuildFile; fileRef = 12BA62FB23E9FC180036D2B5 /* AppDelegate.swift */; };
		12BA62FE23E9FC180036D2B5 /* SceneDelegate.swift in Sources */ = {isa = PBXBuildFile; fileRef = 12BA62FD23E9FC180036D2B5 /* SceneDelegate.swift */; };
		12BA630023E9FC180036D2B5 /* ContentView.swift in Sources */ = {isa = PBXBuildFile; fileRef = 12BA62FF23E9FC180036D2B5 /* ContentView.swift */; };
		12BA630223E9FC190036D2B5 /* Assets.xcassets in Resources */ = {isa = PBXBuildFile; fileRef = 12BA630123E9FC190036D2B5 /* Assets.xcassets */; };
		12BA630523E9FC190036D2B5 /* Preview Assets.xcassets in Resources */ = {isa = PBXBuildFile; fileRef = 12BA630423E9FC190036D2B5 /* Preview Assets.xcassets */; };
		12BA630823E9FC190036D2B5 /* LaunchScreen.storyboard in Resources */ = {isa = PBXBuildFile; fileRef = 12BA630623E9FC190036D2B5 /* LaunchScreen.storyboard */; };
		12BA631023E9FF9D0036D2B5 /* CalculatorView.swift in Sources */ = {isa = PBXBuildFile; fileRef = 12BA630F23E9FF9D0036D2B5 /* CalculatorView.swift */; };
		12BA631223E9FFAE0036D2B5 /* SettingsView.swift in Sources */ = {isa = PBXBuildFile; fileRef = 12BA631123E9FFAE0036D2B5 /* SettingsView.swift */; };
		12BA631423EB32250036D2B5 /* DataEntryView.swift in Sources */ = {isa = PBXBuildFile; fileRef = 12BA631323EB32250036D2B5 /* DataEntryView.swift */; };
		12BA631623EB34950036D2B5 /* DateSelector.swift in Sources */ = {isa = PBXBuildFile; fileRef = 12BA631523EB34950036D2B5 /* DateSelector.swift */; };
/* End PBXBuildFile section */

/* Begin PBXFileReference section */
		12BA62F823E9FC180036D2B5 /* EConsumptionCalc.app */ = {isa = PBXFileReference; explicitFileType = wrapper.application; includeInIndex = 0; path = EConsumptionCalc.app; sourceTree = BUILT_PRODUCTS_DIR; };
		12BA62FB23E9FC180036D2B5 /* AppDelegate.swift */ = {isa = PBXFileReference; lastKnownFileType = sourcecode.swift; path = AppDelegate.swift; sourceTree = "<group>"; };
		12BA62FD23E9FC180036D2B5 /* SceneDelegate.swift */ = {isa = PBXFileReference; lastKnownFileType = sourcecode.swift; path = SceneDelegate.swift; sourceTree = "<group>"; };
		12BA62FF23E9FC180036D2B5 /* ContentView.swift */ = {isa = PBXFileReference; lastKnownFileType = sourcecode.swift; path = ContentView.swift; sourceTree = "<group>"; };
		12BA630123E9FC190036D2B5 /* Assets.xcassets */ = {isa = PBXFileReference; lastKnownFileType = folder.assetcatalog; path = Assets.xcassets; sourceTree = "<group>"; };
		12BA630423E9FC190036D2B5 /* Preview Assets.xcassets */ = {isa = PBXFileReference; lastKnownFileType = folder.assetcatalog; path = "Preview Assets.xcassets"; sourceTree = "<group>"; };
		12BA630723E9FC190036D2B5 /* Base */ = {isa = PBXFileReference; lastKnownFileType = file.storyboard; name = Base; path = Base.lproj/LaunchScreen.storyboard; sourceTree = "<group>"; };
		12BA630923E9FC190036D2B5 /* Info.plist */ = {isa = PBXFileReference; lastKnownFileType = text.plist.xml; path = Info.plist; sourceTree = "<group>"; };
		12BA630F23E9FF9D0036D2B5 /* CalculatorView.swift */ = {isa = PBXFileReference; lastKnownFileType = sourcecode.swift; path = CalculatorView.swift; sourceTree = "<group>"; };
		12BA631123E9FFAE0036D2B5 /* SettingsView.swift */ = {isa = PBXFileReference; lastKnownFileType = sourcecode.swift; path = SettingsView.swift; sourceTree = "<group>"; };
		12BA631323EB32250036D2B5 /* DataEntryView.swift */ = {isa = PBXFileReference; lastKnownFileType = sourcecode.swift; path = DataEntryView.swift; sourceTree = "<group>"; };
		12BA631523EB34950036D2B5 /* DateSelector.swift */ = {isa = PBXFileReference; lastKnownFileType = sourcecode.swift; path = DateSelector.swift; sourceTree = "<group>"; };
/* End PBXFileReference section */

/* Begin PBXFrameworksBuildPhase section */
		12BA62F523E9FC180036D2B5 /* Frameworks */ = {
			isa = PBXFrameworksBuildPhase;
			buildActionMask = 2147483647;
			files = (
			);
			runOnlyForDeploymentPostprocessing = 0;
		};
/* End PBXFrameworksBuildPhase section */

/* Begin PBXGroup section */
		12BA62EF23E9FC180036D2B5 = {
			isa = PBXGroup;
			children = (
				12BA62FA23E9FC180036D2B5 /* EConsumptionCalc */,
				12BA62F923E9FC180036D2B5 /* Products */,
			);
			sourceTree = "<group>";
		};
		12BA62F923E9FC180036D2B5 /* Products */ = {
			isa = PBXGroup;
			children = (
				12BA62F823E9FC180036D2B5 /* EConsumptionCalc.app */,
			);
			name = Products;
			sourceTree = "<group>";
		};
		12BA62FA23E9FC180036D2B5 /* EConsumptionCalc */ = {
			isa = PBXGroup;
			children = (
				12BA62FB23E9FC180036D2B5 /* AppDelegate.swift */,
				12BA62FD23E9FC180036D2B5 /* SceneDelegate.swift */,
				12BA62FF23E9FC180036D2B5 /* ContentView.swift */,
				12BA630123E9FC190036D2B5 /* Assets.xcassets */,
				12BA630623E9FC190036D2B5 /* LaunchScreen.storyboard */,
				12BA630923E9FC190036D2B5 /* Info.plist */,
				12BA630323E9FC190036D2B5 /* Preview Content */,
				12BA630F23E9FF9D0036D2B5 /* CalculatorView.swift */,
				12BA631123E9FFAE0036D2B5 /* SettingsView.swift */,
				12BA631323EB32250036D2B5 /* DataEntryView.swift */,
				12BA631523EB34950036D2B5 /* DateSelector.swift */,
			);
			path = EConsumptionCalc;
			sourceTree = "<group>";
		};
		12BA630323E9FC190036D2B5 /* Preview Content */ = {
			isa = PBXGroup;
			children = (
				12BA630423E9FC190036D2B5 /* Preview Assets.xcassets */,
			);
			path = "Preview Content";
			sourceTree = "<group>";
		};
/* End PBXGroup section */

/* Begin PBXNativeTarget section */
		12BA62F723E9FC180036D2B5 /* EConsumptionCalc */ = {
			isa = PBXNativeTarget;
			buildConfigurationList = 12BA630C23E9FC190036D2B5 /* Build configuration list for PBXNativeTarget "EConsumptionCalc" */;
			buildPhases = (
				12BA62F423E9FC180036D2B5 /* Sources */,
				12BA62F523E9FC180036D2B5 /* Frameworks */,
				12BA62F623E9FC180036D2B5 /* Resources */,
			);
			buildRules = (
			);
			dependencies = (
			);
			name = EConsumptionCalc;
			productName = EConsumptionCalc;
			productReference = 12BA62F823E9FC180036D2B5 /* EConsumptionCalc.app */;
			productType = "com.apple.product-type.application";
		};
/* End PBXNativeTarget section */

/* Begin PBXProject section */
		12BA62F023E9FC180036D2B5 /* Project object */ = {
			isa = PBXProject;
			attributes = {
				LastSwiftUpdateCheck = 1120;
				LastUpgradeCheck = 1120;
				ORGANIZATIONNAME = "Hristo Uzunov";
				TargetAttributes = {
					12BA62F723E9FC180036D2B5 = {
						CreatedOnToolsVersion = 11.2.1;
					};
				};
			};
			buildConfigurationList = 12BA62F323E9FC180036D2B5 /* Build configuration list for PBXProject "EConsumptionCalc" */;
			compatibilityVersion = "Xcode 9.3";
			developmentRegion = en;
			hasScannedForEncodings = 0;
			knownRegions = (
				en,
				Base,
			);
			mainGroup = 12BA62EF23E9FC180036D2B5;
			productRefGroup = 12BA62F923E9FC180036D2B5 /* Products */;
			projectDirPath = "";
			projectRoot = "";
			targets = (
				12BA62F723E9FC180036D2B5 /* EConsumptionCalc */,
			);
		};
/* End PBXProject section */

/* Begin PBXResourcesBuildPhase section */
		12BA62F623E9FC180036D2B5 /* Resources */ = {
			isa = PBXResourcesBuildPhase;
			buildActionMask = 2147483647;
			files = (
				12BA630823E9FC190036D2B5 /* LaunchScreen.storyboard in Resources */,
				12BA630523E9FC190036D2B5 /* Preview Assets.xcassets in Resources */,
				12BA630223E9FC190036D2B5 /* Assets.xcassets in Resources */,
			);
			runOnlyForDeploymentPostprocessing = 0;
		};
/* End PBXResourcesBuildPhase section */

/* Begin PBXSourcesBuildPhase section */
		12BA62F423E9FC180036D2B5 /* Sources */ = {
			isa = PBXSourcesBuildPhase;
			buildActionMask = 2147483647;
			files = (
				12BA631223E9FFAE0036D2B5 /* SettingsView.swift in Sources */,
				12BA631423EB32250036D2B5 /* DataEntryView.swift in Sources */,
				12BA631023E9FF9D0036D2B5 /* CalculatorView.swift in Sources */,
				12BA62FC23E9FC180036D2B5 /* AppDelegate.swift in Sources */,
				12BA62FE23E9FC180036D2B5 /* SceneDelegate.swift in Sources */,
				12BA631623EB34950036D2B5 /* DateSelector.swift in Sources */,
				12BA630023E9FC180036D2B5 /* ContentView.swift in Sources */,
			);
			runOnlyForDeploymentPostprocessing = 0;
		};
/* End PBXSourcesBuildPhase section */

/* Begin PBXVariantGroup section */
		12BA630623E9FC190036D2B5 /* LaunchScreen.storyboard */ = {
			isa = PBXVariantGroup;
			children = (
				12BA630723E9FC190036D2B5 /* Base */,
			);
			name = LaunchScreen.storyboard;
			sourceTree = "<group>";
		};
/* End PBXVariantGroup section */

/* Begin XCBuildConfiguration section */
		12BA630A23E9FC190036D2B5 /* Debug */ = {
			isa = XCBuildConfiguration;
			buildSettings = {
				ALWAYS_SEARCH_USER_PATHS = NO;
				CLANG_ANALYZER_NONNULL = YES;
				CLANG_ANALYZER_NUMBER_OBJECT_CONVERSION = YES_AGGRESSIVE;
				CLANG_CXX_LANGUAGE_STANDARD = "gnu++14";
				CLANG_CXX_LIBRARY = "libc++";
				CLANG_ENABLE_MODULES = YES;
				CLANG_ENABLE_OBJC_ARC = YES;
				CLANG_ENABLE_OBJC_WEAK = YES;
				CLANG_WARN_BLOCK_CAPTURE_AUTORELEASING = YES;
				CLANG_WARN_BOOL_CONVERSION = YES;
				CLANG_WARN_COMMA = YES;
				CLANG_WARN_CONSTANT_CONVERSION = YES;
				CLANG_WARN_DEPRECATED_OBJC_IMPLEMENTATIONS = YES;
				CLANG_WARN_DIRECT_OBJC_ISA_USAGE = YES_ERROR;
				CLANG_WARN_DOCUMENTATION_COMMENTS = YES;
				CLANG_WARN_EMPTY_BODY = YES;
				CLANG_WARN_ENUM_CONVERSION = YES;
				CLANG_WARN_INFINITE_RECURSION = YES;
				CLANG_WARN_INT_CONVERSION = YES;
				CLANG_WARN_NON_LITERAL_NULL_CONVERSION = YES;
				CLANG_WARN_OBJC_IMPLICIT_RETAIN_SELF = YES;
				CLANG_WARN_OBJC_LITERAL_CONVERSION = YES;
				CLANG_WARN_OBJC_ROOT_CLASS = YES_ERROR;
				CLANG_WARN_RANGE_LOOP_ANALYSIS = YES;
				CLANG_WARN_STRICT_PROTOTYPES = YES;
				CLANG_WARN_SUSPICIOUS_MOVE = YES;
				CLANG_WARN_UNGUARDED_AVAILABILITY = YES_AGGRESSIVE;
				CLANG_WARN_UNREACHABLE_CODE = YES;
				CLANG_WARN__DUPLICATE_METHOD_MATCH = YES;
				COPY_PHASE_STRIP = NO;
				DEBUG_INFORMATION_FORMAT = dwarf;
				ENABLE_STRICT_OBJC_MSGSEND = YES;
				ENABLE_TESTABILITY = YES;
				GCC_C_LANGUAGE_STANDARD = gnu11;
				GCC_DYNAMIC_NO_PIC = NO;
				GCC_NO_COMMON_BLOCKS = YES;
				GCC_OPTIMIZATION_LEVEL = 0;
				GCC_PREPROCESSOR_DEFINITIONS = (
					"DEBUG=1",
					"$(inherited)",
				);
				GCC_WARN_64_TO_32_BIT_CONVERSION = YES;
				GCC_WARN_ABOUT_RETURN_TYPE = YES_ERROR;
				GCC_WARN_UNDECLARED_SELECTOR = YES;
				GCC_WARN_UNINITIALIZED_AUTOS = YES_AGGRESSIVE;
				GCC_WARN_UNUSED_FUNCTION = YES;
				GCC_WARN_UNUSED_VARIABLE = YES;
				IPHONEOS_DEPLOYMENT_TARGET = 13.2;
				MTL_ENABLE_DEBUG_INFO = INCLUDE_SOURCE;
				MTL_FAST_MATH = YES;
				ONLY_ACTIVE_ARCH = YES;
				SDKROOT = iphoneos;
				SWIFT_ACTIVE_COMPILATION_CONDITIONS = DEBUG;
				SWIFT_OPTIMIZATION_LEVEL = "-Onone";
			};
			name = Debug;
		};
		12BA630B23E9FC190036D2B5 /* Release */ = {
			isa = XCBuildConfiguration;
			buildSettings = {
				ALWAYS_SEARCH_USER_PATHS = NO;
				CLANG_ANALYZER_NONNULL = YES;
				CLANG_ANALYZER_NUMBER_OBJECT_CONVERSION = YES_AGGRESSIVE;
				CLANG_CXX_LANGUAGE_STANDARD = "gnu++14";
				CLANG_CXX_LIBRARY = "libc++";
				CLANG_ENABLE_MODULES = YES;
				CLANG_ENABLE_OBJC_ARC = YES;
				CLANG_ENABLE_OBJC_WEAK = YES;
				CLANG_WARN_BLOCK_CAPTURE_AUTORELEASING = YES;
				CLANG_WARN_BOOL_CONVERSION = YES;
				CLANG_WARN_COMMA = YES;
				CLANG_WARN_CONSTANT_CONVERSION = YES;
				CLANG_WARN_DEPRECATED_OBJC_IMPLEMENTATIONS = YES;
				CLANG_WARN_DIRECT_OBJC_ISA_USAGE = YES_ERROR;
				CLANG_WARN_DOCUMENTATION_COMMENTS = YES;
				CLANG_WARN_EMPTY_BODY = YES;
				CLANG_WARN_ENUM_CONVERSION = YES;
				CLANG_WARN_INFINITE_RECURSION = YES;
				CLANG_WARN_INT_CONVERSION = YES;
				CLANG_WARN_NON_LITERAL_NULL_CONVERSION = YES;
				CLANG_WARN_OBJC_IMPLICIT_RETAIN_SELF = YES;
				CLANG_WARN_OBJC_LITERAL_CONVERSION = YES;
				CLANG_WARN_OBJC_ROOT_CLASS = YES_ERROR;
				CLANG_WARN_RANGE_LOOP_ANALYSIS = YES;
				CLANG_WARN_STRICT_PROTOTYPES = YES;
				CLANG_WARN_SUSPICIOUS_MOVE = YES;
				CLANG_WARN_UNGUARDED_AVAILABILITY = YES_AGGRESSIVE;
				CLANG_WARN_UNREACHABLE_CODE = YES;
				CLANG_WARN__DUPLICATE_METHOD_MATCH = YES;
				COPY_PHASE_STRIP = NO;
				DEBUG_INFORMATION_FORMAT = "dwarf-with-dsym";
				ENABLE_NS_ASSERTIONS = NO;
				ENABLE_STRICT_OBJC_MSGSEND = YES;
				GCC_C_LANGUAGE_STANDARD = gnu11;
				GCC_NO_COMMON_BLOCKS = YES;
				GCC_WARN_64_TO_32_BIT_CONVERSION = YES;
				GCC_WARN_ABOUT_RETURN_TYPE = YES_ERROR;
				GCC_WARN_UNDECLARED_SELECTOR = YES;
				GCC_WARN_UNINITIALIZED_AUTOS = YES_AGGRESSIVE;
				GCC_WARN_UNUSED_FUNCTION = YES;
				GCC_WARN_UNUSED_VARIABLE = YES;
				IPHONEOS_DEPLOYMENT_TARGET = 13.2;
				MTL_ENABLE_DEBUG_INFO = NO;
				MTL_FAST_MATH = YES;
				SDKROOT = iphoneos;
				SWIFT_COMPILATION_MODE = wholemodule;
				SWIFT_OPTIMIZATION_LEVEL = "-O";
				VALIDATE_PRODUCT = YES;
			};
			name = Release;
		};
		12BA630D23E9FC190036D2B5 /* Debug */ = {
			isa = XCBuildConfiguration;
			buildSettings = {
				ASSETCATALOG_COMPILER_APPICON_NAME = AppIcon;
				CODE_SIGN_STYLE = Automatic;
				DEVELOPMENT_ASSET_PATHS = "\"EConsumptionCalc/Preview Content\"";
				DEVELOPMENT_TEAM = TFJZ7UWZ46;
				ENABLE_PREVIEWS = YES;
				INFOPLIST_FILE = EConsumptionCalc/Info.plist;
				LD_RUNPATH_SEARCH_PATHS = (
					"$(inherited)",
					"@executable_path/Frameworks",
				);
				PRODUCT_BUNDLE_IDENTIFIER = com.hristouzunov.EConsumptionCalc;
				PRODUCT_NAME = "$(TARGET_NAME)";
				SWIFT_VERSION = 5.0;
				TARGETED_DEVICE_FAMILY = "1,2";
			};
			name = Debug;
		};
		12BA630E23E9FC190036D2B5 /* Release */ = {
			isa = XCBuildConfiguration;
			buildSettings = {
				ASSETCATALOG_COMPILER_APPICON_NAME = AppIcon;
				CODE_SIGN_STYLE = Automatic;
				DEVELOPMENT_ASSET_PATHS = "\"EConsumptionCalc/Preview Content\"";
				DEVELOPMENT_TEAM = TFJZ7UWZ46;
				ENABLE_PREVIEWS = YES;
				INFOPLIST_FILE = EConsumptionCalc/Info.plist;
				LD_RUNPATH_SEARCH_PATHS = (
					"$(inherited)",
					"@executable_path/Frameworks",
				);
				PRODUCT_BUNDLE_IDENTIFIER = com.hristouzunov.EConsumptionCalc;
				PRODUCT_NAME = "$(TARGET_NAME)";
				SWIFT_VERSION = 5.0;
				TARGETED_DEVICE_FAMILY = "1,2";
			};
			name = Release;
		};
/* End XCBuildConfiguration section */

/* Begin XCConfigurationList section */
		12BA62F323E9FC180036D2B5 /* Build configuration list for PBXProject "EConsumptionCalc" */ = {
			isa = XCConfigurationList;
			buildConfigurations = (
				12BA630A23E9FC190036D2B5 /* Debug */,
				12BA630B23E9FC190036D2B5 /* Release */,
			);
			defaultConfigurationIsVisible = 0;
			defaultConfigurationName = Release;
		};
		12BA630C23E9FC190036D2B5 /* Build configuration list for PBXNativeTarget "EConsumptionCalc" */ = {
			isa = XCConfigurationList;
			buildConfigurations = (
				12BA630D23E9FC190036D2B5 /* Debug */,
				12BA630E23E9FC190036D2B5 /* Release */,
			);
			defaultConfigurationIsVisible = 0;
			defaultConfigurationName = Release;
		};
/* End XCConfigurationList section */
	};
	rootObject = 12BA62F023E9FC180036D2B5 /* Project object */;
}
